
Microsoft Visual Studio Solution File, Format Version 11.00
# Visual Studio 2010
Project("{FAE04EC0-301F-11D3-BF4B-00C04F79EFBC}") = "Fetion.Practice.ChatHelper", "Fetion.Practice.ChatHelper\Fetion.Practice.ChatHelper.csproj", "{503F680C-42F0-4F35-ADA2-25813D52D6F0}"
EndProject
Global
	GlobalSection(SolutionConfigurationPlatforms) = preSolution
		Debug|x86 = Debug|x86
		Release|x86 = Release|x86
	EndGlobalSection
	GlobalSection(ProjectConfigurationPlatforms) = postSolution
		{503F680C-42F0-4F35-ADA2-25813D52D6F0}.Debug|x86.ActiveCfg = Debug|x86
		{503F680C-42F0-4F35-ADA2-25813D52D6F0}.Debug|x86.Build.0 = Debug|x86
		{503F680C-42F0-4F35-ADA2-25813D52D6F0}.Release|x86.ActiveCfg = Release|x86
		{503F680C-42F0-4F35-ADA2-25813D52D6F0}.Release|x86.Build.0 = Release|x86
	EndGlobalSection
	GlobalSection(SolutionProperties) = preSolution
		HideSolutionNode = FALSE
	EndGlobalSection
EndGlobal
